
Microsoft Visual Studio Solution File, Format Version 12.00
# Visual Studio Version 17
VisualStudioVersion = 17.3.32929.385
MinimumVisualStudioVersion = 10.0.40219.1
Project("{9A19103F-16F7-4668-BE54-9A1E7A4F7556}") = "consultationProjet", "consultationProjet\consultationProjet.csproj", "{E350F276-D216-4813-AE4F-FCE18B40A055}"
EndProject
Project("{FAE04EC0-301F-11D3-BF4B-00C04F79EFBC}") = "UnitTestProjectConsultation", "UnitTestProjectConsultation\UnitTestProjectConsultation.csproj", "{0CAE61F4-C86A-430C-94C9-1F278BAF9FC9}"
EndProject
Global
	GlobalSection(SolutionConfigurationPlatforms) = preSolution
		Debug|Any CPU = Debug|Any CPU
		Release|Any CPU = Release|Any CPU
	EndGlobalSection
	GlobalSection(ProjectConfigurationPlatforms) = postSolution
		{E350F276-D216-4813-AE4F-FCE18B40A055}.Debug|Any CPU.ActiveCfg = Debug|Any CPU
		{E350F276-D216-4813-AE4F-FCE18B40A055}.Debug|Any CPU.Build.0 = Debug|Any CPU
		{E350F276-D216-4813-AE4F-FCE18B40A055}.Release|Any CPU.ActiveCfg = Release|Any CPU
		{E350F276-D216-4813-AE4F-FCE18B40A055}.Release|Any CPU.Build.0 = Release|Any CPU
		{0CAE61F4-C86A-430C-94C9-1F278BAF9FC9}.Debug|Any CPU.ActiveCfg = Debug|Any CPU
		{0CAE61F4-C86A-430C-94C9-1F278BAF9FC9}.Debug|Any CPU.Build.0 = Debug|Any CPU
		{0CAE61F4-C86A-430C-94C9-1F278BAF9FC9}.Release|Any CPU.ActiveCfg = Release|Any CPU
		{0CAE61F4-C86A-430C-94C9-1F278BAF9FC9}.Release|Any CPU.Build.0 = Release|Any CPU
	EndGlobalSection
	GlobalSection(SolutionProperties) = preSolution
		HideSolutionNode = FALSE
	EndGlobalSection
	GlobalSection(ExtensibilityGlobals) = postSolution
		SolutionGuid = {289B86AE-7470-43EF-A92B-29A4D418A2D3}
	EndGlobalSection
EndGlobal
